# This file was autogenerated by Stack.
# You should not edit this file by hand.
# For more information, please see the documentation at:
#   https://docs.haskellstack.org/en/stable/lock_files

packages:
- completed:
    commit: 666be7e634ab0af41c9425687b7f09f9e98ad59d
    git: https://github.com/YoshikuniJujo/test_haskell
    name: try-storable-peek-poke
    pantry-tree:
      sha256: 3a416a40e213f6625ef04c4f632c9d6f9faea20262deca26e98342129cfe86a5
      size: 678
    subdir: features/ffi/pointer/try-storable-peek-poke
    version: 0.1.0.1
  original:
    commit: 666be7e634ab0af41c9425687b7f09f9e98ad59d
    git: https://github.com/YoshikuniJujo/test_haskell
    subdir: features/ffi/pointer/try-storable-peek-poke
- completed:
    commit: 666be7e634ab0af41c9425687b7f09f9e98ad59d
    git: https://github.com/YoshikuniJujo/test_haskell
    name: typelevel-tools
    pantry-tree:
      sha256: c9f34816c8f5e1adfdb6956ff81846527d731a2a63d3b60748001688aa3af5a2
      size: 1599
    subdir: themes/type_level/typelevel-tools
    version: 0.1.0.5
  original:
    commit: 666be7e634ab0af41c9425687b7f09f9e98ad59d
    git: https://github.com/YoshikuniJujo/test_haskell
    subdir: themes/type_level/typelevel-tools
snapshots:
- completed:
    sha256: 1d5fb7e344e76dd2c8958e3061d4e4dabb50a1355e6ff02e7d0e4f754c0adf47
    size: 640015
    url: https://raw.githubusercontent.com/commercialhaskell/stackage-snapshots/master/lts/21/5.yaml
  original: lts-21.5
